
Microsoft Visual Studio Solution File, Format Version 12.00
# Visual Studio Version 16
VisualStudioVersion = 16.0.28505.50
MinimumVisualStudioVersion = 10.0.40219.1
Project("{FAE04EC0-301F-11D3-BF4B-00C04F79EFBC}") = "Microsoft.Cse.SpeechToSpeech.UI", "Microsoft.Cse.SpeechToSpeech.UI\Microsoft.Cse.SpeechToSpeech.UI.csproj", "{B82A4E01-ED88-4B2E-A9B1-4EFC766B5181}"
EndProject
Global
	GlobalSection(SolutionConfigurationPlatforms) = preSolution
		Debug|x64 = Debug|x64
		Release|x64 = Release|x64
	EndGlobalSection
	GlobalSection(ProjectConfigurationPlatforms) = postSolution
		{B82A4E01-ED88-4B2E-A9B1-4EFC766B5181}.Debug|x64.ActiveCfg = Debug|x64
		{B82A4E01-ED88-4B2E-A9B1-4EFC766B5181}.Debug|x64.Build.0 = Debug|x64
		{B82A4E01-ED88-4B2E-A9B1-4EFC766B5181}.Release|x64.ActiveCfg = Release|x64
		{B82A4E01-ED88-4B2E-A9B1-4EFC766B5181}.Release|x64.Build.0 = Release|x64
	EndGlobalSection
	GlobalSection(SolutionProperties) = preSolution
		HideSolutionNode = FALSE
	EndGlobalSection
	GlobalSection(ExtensibilityGlobals) = postSolution
		SolutionGuid = {228BCF3A-7869-491F-A3DF-E07E106824A2}
	EndGlobalSection
EndGlobal
